{
  "version": 4,
  "terraform_version": "1.16.2",
  "serial": 97,
  "lineage": "38ecd707-3715-8c60-e8b9-beb7ef01d470",
  "outputs": {
    "lake_formation_registered_bucket": {
      "value": "arn:aws:s3:::ismael-ecommerce-processed-065320271591-us-east-1-an",
      "type": "string"
    },
    "redshift_endpoint": {
      "value": "enterprise-analytics-workgroup.065320271591.us-east-1.redshift-serverless.amazonaws.com",
      "type": "string"
    }
  },
  "resources": [
    {
      "mode": "data",
      "type": "aws_caller_identity",
      "name": "current",
      "provider": "provider[\"registry.terraform.io/hashicorp/aws\"]",
      "instances": [
        {
          "schema_version": 0,
          "attributes": {
            "account_id": "065320271591",
            "arn": "arn:aws:iam::065320271591:user/ismael-admin",
            "id": "065320271591",
            "user_id": "AIDAQ6NLEH3TVAPOY7BWD"
          },
          "sensitive_attributes": [],
          "identity_schema_version": 0
        }
      ]
    },
    {
      "mode": "data",
      "type": "aws_iam_session_context",
      "name": "current",
      "provider": "provider[\"registry.terraform.io/hashicorp/aws\"]",
      "instances": [
        {
          "schema_version": 0,
          "attributes": {
            "arn": "arn:aws:iam::065320271591:user/ismael-admin",
            "id": "arn:aws:iam::065320271591:user/ismael-admin",
            "issuer_arn": "arn:aws:iam::065320271591:user/ismael-admin",
            "issuer_id": "",
            "issuer_name": "",
            "session_name": ""
          },
          "sensitive_attributes": [],
          "identity_schema_version": 0
        }
      ]
    },
    {
      "mode": "data",
      "type": "aws_security_group",
      "name": "default",
      "provider": "provider[\"registry.terraform.io/hashicorp/aws\"]",
      "instances": [
        {
          "schema_version": 0,
          "attributes": {
            "arn": "arn:aws:ec2:us-east-1:065320271591:security-group/sg-0120ffc9a805dc09f",
            "description": "default VPC security group",
            "filter": null,
            "id": "sg-0120ffc9a805dc09f",
            "name": "default",
            "tags": {},
            "timeouts": null,
            "vpc_id": "vpc-06385b09e0fb8e67f"
          },
          "sensitive_attributes": [],
          "identity_schema_version": 0
        }
      ]
    },
    {
      "mode": "data",
      "type": "aws_subnets",
      "name": "default",
      "provider": "provider[\"registry.terraform.io/hashicorp/aws\"]",
      "instances": [
        {
          "schema_version": 0,
          "attributes": {
            "filter": [
              {
                "name": "vpc-id",
                "values": [
                  "vpc-06385b09e0fb8e67f"
                ]
              }
            ],
            "id": "us-east-1",
            "ids": [
              "subnet-029231dfa2f950f24",
              "subnet-0efca3d42fa992b22",
              "subnet-0af18c8a1f7d59fce",
              "subnet-072ae0d114c3078a2",
              "subnet-06a8993d1b91787c7",
              "subnet-05a26b69e7038ed4e"
            ],
            "tags": null,
            "timeouts": null
          },
          "sensitive_attributes": [],
          "identity_schema_version": 0
        }
      ]
    },
    {
      "mode": "data",
      "type": "aws_vpc",
      "name": "default",
      "provider": "provider[\"registry.terraform.io/hashicorp/aws\"]",
      "instances": [
        {
          "schema_version": 0,
          "attributes": {
            "arn": "arn:aws:ec2:us-east-1:065320271591:vpc/vpc-06385b09e0fb8e67f",
            "cidr_block": "172.31.0.0/16",
            "cidr_block_associations": [
              {
                "association_id": "vpc-cidr-assoc-0695dd72fc08c4f20",
                "cidr_block": "172.31.0.0/16",
                "state": "associated"
              }
            ],
            "default": true,
            "dhcp_options_id": "dopt-046297e9b6f670971",
            "enable_dns_hostnames": true,
            "enable_dns_support": true,
            "enable_network_address_usage_metrics": false,
            "filter": null,
            "id": "vpc-06385b09e0fb8e67f",
            "instance_tenancy": "default",
            "ipv6_association_id": "",
            "ipv6_cidr_block": "",
            "main_route_table_id": "rtb-000cad522d0f460bc",
            "owner_id": "065320271591",
            "state": null,
            "tags": {},
            "timeouts": null
          },
          "sensitive_attributes": [],
          "identity_schema_version": 0
        }
      ]
    },
    {
      "mode": "managed",
      "type": "aws_cloudtrail",
      "name": "lakehouse_audit_trail",
      "provider": "provider[\"registry.terraform.io/hashicorp/aws\"]",
      "instances": [
        {
          "schema_version": 1,
          "attributes": {
            "advanced_event_selector": [],
            "arn": "arn:aws:cloudtrail:us-east-1:065320271591:trail/enterprise-lakehouse-audit-trail",
            "cloud_watch_logs_group_arn": "",
            "cloud_watch_logs_role_arn": "",
            "enable_log_file_validation": true,
            "enable_logging": true,
            "event_selector": [],
            "home_region": "us-east-1",
            "id": "arn:aws:cloudtrail:us-east-1:065320271591:trail/enterprise-lakehouse-audit-trail",
            "include_global_service_events": true,
            "insight_selector": [],
            "is_multi_region_trail": true,
            "is_organization_trail": false,
            "kms_key_id": "",
            "name": "enterprise-lakehouse-audit-trail",
            "s3_bucket_name": "ismael-lakehouse-audit-logs-065320271591",
            "s3_key_prefix": "",
            "sns_topic_arn": "",
            "sns_topic_name": "",
            "tags": {},
            "tags_all": {}
          },
          "sensitive_attributes": [],
          "identity_schema_version": 0,
          "private": "eyJzY2hlbWFfdmVyc2lvbiI6IjEifQ==",
          "dependencies": [
            "aws_s3_bucket.audit_logs",
            "aws_s3_bucket_policy.audit_policy",
            "data.aws_caller_identity.current"
          ]
        }
      ]
    },
    {
      "mode": "managed",
      "type": "aws_iam_role",
      "name": "finance_analyst_role",
      "provider": "provider[\"registry.terraform.io/hashicorp/aws\"]",
      "instances": [
        {
          "schema_version": 0,
          "attributes": {
            "arn": "arn:aws:iam::065320271591:role/finance-analyst-execution-role",
            "assume_role_policy": "{\"Statement\":[{\"Action\":\"sts:AssumeRole\",\"Effect\":\"Allow\",\"Principal\":{\"Service\":\"redshift.amazonaws.com\"}}],\"Version\":\"2012-10-17\"}",
            "create_date": "2026-09-21T16:40:24Z",
            "description": "",
            "force_detach_policies": false,
            "id": "finance-analyst-execution-role",
            "inline_policy": [],
            "managed_policy_arns": [
              "arn:aws:iam::aws:policy/AmazonRedshiftAllCommandsFullAccess"
            ],
            "max_session_duration": 3600,
            "name": "finance-analyst-execution-role",
            "name_prefix": "",
            "path": "/",
            "permissions_boundary": "",
            "tags": {},
            "tags_all": {},
            "unique_id": "AROAQ6NLEH3TUEZ4HC2ZD"
          },
          "sensitive_attributes": [],
          "identity_schema_version": 0,
          "private": "bnVsbA=="
        }
      ]
    },
    {
      "mode": "managed",
      "type": "aws_iam_role",
      "name": "redshift_lakeformation_role",
      "provider": "provider[\"registry.terraform.io/hashicorp/aws\"]",
      "instances": [
        {
          "schema_version": 0,
          "attributes": {
            "arn": "arn:aws:iam::065320271591:role/redshift-lakeformation-execution-role",
            "assume_role_policy": "{\"Statement\":[{\"Action\":\"sts:AssumeRole\",\"Effect\":\"Allow\",\"Principal\":{\"Service\":\"redshift.amazonaws.com\"}}],\"Version\":\"2012-10-17\"}",
            "create_date": "2026-09-21T16:40:24Z",
            "description": "",
            "force_detach_policies": false,
            "id": "redshift-lakeformation-execution-role",
            "inline_policy": [],
            "managed_policy_arns": [
              "arn:aws:iam::aws:policy/AmazonRedshiftAllCommandsFullAccess"
            ],
            "max_session_duration": 3600,
            "name": "redshift-lakeformation-execution-role",
            "name_prefix": "",
            "path": "/",
            "permissions_boundary": "",
            "tags": {},
            "tags_all": {},
            "unique_id": "AROAQ6NLEH3TUGOH7N7GG"
          },
          "sensitive_attributes": [],
          "identity_schema_version": 0,
          "private": "bnVsbA=="
        }
      ]
    },
    {
      "mode": "managed",
      "type": "aws_iam_role_policy_attachment",
      "name": "finance_catalog_access",
      "provider": "provider[\"registry.terraform.io/hashicorp/aws\"]",
      "instances": [
        {
          "schema_version": 0,
          "attributes": {
            "id": "finance-analyst-execution-role-20260921164024466400000001",
            "policy_arn": "arn:aws:iam::aws:policy/AmazonRedshiftAllCommandsFullAccess",
            "role": "finance-analyst-execution-role"
          },
          "sensitive_attributes": [],
          "identity_schema_version": 0,
          "private": "bnVsbA==",
          "dependencies": [
            "aws_iam_role.finance_analyst_role"
          ]
        }
      ]
    },
    {
      "mode": "managed",
      "type": "aws_iam_role_policy_attachment",
      "name": "redshift_catalog_access",
      "provider": "provider[\"registry.terraform.io/hashicorp/aws\"]",
      "instances": [
        {
          "schema_version": 0,
          "attributes": {
            "id": "redshift-lakeformation-execution-role-20260921164024512500000002",
            "policy_arn": "arn:aws:iam::aws:policy/AmazonRedshiftAllCommandsFullAccess",
            "role": "redshift-lakeformation-execution-role"
          },
          "sensitive_attributes": [],
          "identity_schema_version": 0,
          "private": "bnVsbA==",
          "dependencies": [
            "aws_iam_role.redshift_lakeformation_role"
          ]
        }
      ]
    },
    {
      "mode": "managed",
      "type": "aws_lakeformation_lf_tag",
      "name": "department_tag",
      "provider": "provider[\"registry.terraform.io/hashicorp/aws\"]",
      "instances": [
        {
          "schema_version": 0,
          "attributes": {
            "catalog_id": "065320271591",
            "id": "065320271591:department",
            "key": "department",
            "values": [
              "analytics",
              "engineering",
              "finance"
            ]
          },
          "sensitive_attributes": [],
          "identity_schema_version": 0,
          "private": "bnVsbA==",
          "dependencies": [
            "data.aws_caller_identity.current"
          ]
        }
      ]
    },
    {
      "mode": "managed",
      "type": "aws_lakeformation_lf_tag",
      "name": "sensitivity_tag",
      "provider": "provider[\"registry.terraform.io/hashicorp/aws\"]",
      "instances": [
        {
          "schema_version": 0,
          "attributes": {
            "catalog_id": "065320271591",
            "id": "065320271591:sensitivity",
            "key": "sensitivity",
            "values": [
              "internal",
              "public",
              "restricted"
            ]
          },
          "sensitive_attributes": [],
          "identity_schema_version": 0,
          "private": "bnVsbA==",
          "dependencies": [
            "data.aws_caller_identity.current"
          ]
        }
      ]
    },
    {
      "mode": "managed",
      "type": "aws_lakeformation_permissions",
      "name": "standard_analyst_database_permissions",
      "provider": "provider[\"registry.terraform.io/hashicorp/aws\"]",
      "instances": [
        {
          "schema_version": 0,
          "attributes": {
            "catalog_id": null,
            "catalog_resource": false,
            "data_cells_filter": [],
            "data_location": [],
            "database": [
              {
                "catalog_id": "065320271591",
                "name": "ecommerce_data_lake"
              }
            ],
            "id": "3679701049",
            "lf_tag": [],
            "lf_tag_policy": [],
            "permissions": [
              "DESCRIBE"
            ],
            "permissions_with_grant_option": [],
            "principal": "arn:aws:iam::065320271591:role/redshift-lakeformation-execution-role",
            "table": [],
            "table_with_columns": []
          },
          "sensitive_attributes": [],
          "identity_schema_version": 0,
          "private": "bnVsbA==",
          "dependencies": [
            "aws_iam_role.redshift_lakeformation_role"
          ]
        }
      ]
    },
    {
      "mode": "managed",
      "type": "aws_lakeformation_resource",
      "name": "curated_s3_registration",
      "provider": "provider[\"registry.terraform.io/hashicorp/aws\"]",
      "instances": [
        {
          "schema_version": 0,
          "attributes": {
            "arn": "arn:aws:s3:::ismael-ecommerce-processed-065320271591-us-east-1-an",
            "hybrid_access_enabled": false,
            "id": "arn:aws:s3:::ismael-ecommerce-processed-065320271591-us-east-1-an",
            "last_modified": null,
            "role_arn": "arn:aws:iam::065320271591:role/redshift-lakeformation-execution-role",
            "use_service_linked_role": null,
            "with_federation": false
          },
          "sensitive_attributes": [],
          "identity_schema_version": 0,
          "private": "bnVsbA==",
          "dependencies": [
            "aws_iam_role.redshift_lakeformation_role"
          ]
        }
      ]
    },
    {
      "mode": "managed",
      "type": "aws_lakeformation_resource_lf_tags",
      "name": "table_tag_association",
      "provider": "provider[\"registry.terraform.io/hashicorp/aws\"]",
      "instances": [
        {
          "schema_version": 0,
          "attributes": {
            "catalog_id": null,
            "database": [],
            "id": "1538128372",
            "lf_tag": [
              {
                "catalog_id": "065320271591",
                "key": "department",
                "value": "analytics"
              },
              {
                "catalog_id": "065320271591",
                "key": "sensitivity",
                "value": "restricted"
              }
            ],
            "table": [
              {
                "catalog_id": "",
                "database_name": "ecommerce_data_lake",
                "name": "ismael_ecommerce_processed_065320271591_us_east_1_an",
                "wildcard": false
              }
            ],
            "table_with_columns": [],
            "timeouts": null
          },
          "sensitive_attributes": [],
          "identity_schema_version": 0,
          "private": "eyJlMmJmYjczMC1lY2FhLTExZTYtOGY4OC0zNDM2M2JjN2M0YzAiOnsiY3JlYXRlIjoxMjAwMDAwMDAwMDAwLCJkZWxldGUiOjEyMDAwMDAwMDAwMDB9fQ==",
          "dependencies": [
            "aws_lakeformation_lf_tag.department_tag",
            "aws_lakeformation_lf_tag.sensitivity_tag",
            "data.aws_caller_identity.current"
          ]
        }
      ]
    },
    {
      "mode": "managed",
      "type": "aws_redshiftserverless_namespace",
      "name": "analytics_namespace",
      "provider": "provider[\"registry.terraform.io/hashicorp/aws\"]",
      "instances": [
        {
          "schema_version": 0,
          "attributes": {
            "admin_password_secret_arn": "",
            "admin_password_secret_kms_key_id": "",
            "admin_user_password": "SecureAdminPassword123!",
            "admin_user_password_wo": null,
            "admin_user_password_wo_version": null,
            "admin_username": "adminuser",
            "arn": "arn:aws:redshift-serverless:us-east-1:065320271591:namespace/7264089b-e021-463e-8329-11627fb353ea",
            "db_name": "ecommerce_warehouse",
            "default_iam_role_arn": "arn:aws:iam::065320271591:role/redshift-lakeformation-execution-role",
            "iam_roles": [
              "arn:aws:iam::065320271591:role/finance-analyst-execution-role",
              "arn:aws:iam::065320271591:role/redshift-lakeformation-execution-role"
            ],
            "id": "enterprise-analytics-namespace",
            "kms_key_id": "AWS_OWNED_KMS_KEY",
            "log_exports": [],
            "manage_admin_password": null,
            "namespace_id": "7264089b-e021-463e-8329-11627fb353ea",
            "namespace_name": "enterprise-analytics-namespace",
            "tags": {},
            "tags_all": {}
          },
          "sensitive_attributes": [
            [
              {
                "type": "get_attr",
                "value": "admin_user_password"
              }
            ],
            [
              {
                "type": "get_attr",
                "value": "admin_username"
              }
            ]
          ],
          "identity_schema_version": 0,
          "private": "bnVsbA==",
          "dependencies": [
            "aws_iam_role.finance_analyst_role",
            "aws_iam_role.redshift_lakeformation_role"
          ]
        }
      ]
    },
    {
      "mode": "managed",
      "type": "aws_redshiftserverless_workgroup",
      "name": "analytics_workgroup",
      "provider": "provider[\"registry.terraform.io/hashicorp/aws\"]",
      "instances": [
        {
          "schema_version": 0,
          "attributes": {
            "arn": "arn:aws:redshift-serverless:us-east-1:065320271591:workgroup/79ba2eb0-8d52-407b-98da-8dac023864ae",
            "base_capacity": 8,
            "config_parameter": [
              {
                "parameter_key": "auto_mv",
                "parameter_value": "true"
              },
              {
                "parameter_key": "datestyle",
                "parameter_value": "ISO, MDY"
              },
              {
                "parameter_key": "enable_case_sensitive_identifier",
                "parameter_value": "false"
              },
              {
                "parameter_key": "enable_user_activity_logging",
                "parameter_value": "true"
              },
              {
                "parameter_key": "max_query_execution_time",
                "parameter_value": "14400"
              },
              {
                "parameter_key": "query_group",
                "parameter_value": "default"
              },
              {
                "parameter_key": "require_ssl",
                "parameter_value": "true"
              },
              {
                "parameter_key": "search_path",
                "parameter_value": "$user, public"
              },
              {
                "parameter_key": "use_fips_ssl",
                "parameter_value": "false"
              }
            ],
            "endpoint": [
              {
                "address": "enterprise-analytics-workgroup.065320271591.us-east-1.redshift-serverless.amazonaws.com",
                "port": 5439,
                "vpc_endpoint": [
                  {
                    "network_interface": [
                      {
                        "availability_zone": "us-east-1c",
                        "network_interface_id": "eni-064327b48db6d4828",
                        "private_ip_address": "172.31.30.86",
                        "subnet_id": "subnet-0efca3d42fa992b22"
                      },
                      {
                        "availability_zone": "us-east-1b",
                        "network_interface_id": "eni-07c30ed324d2c6340",
                        "private_ip_address": "172.31.95.87",
                        "subnet_id": "subnet-029231dfa2f950f24"
                      },
                      {
                        "availability_zone": "us-east-1a",
                        "network_interface_id": "eni-0c6fd9456ecc13804",
                        "private_ip_address": "172.31.8.68",
                        "subnet_id": "subnet-05a26b69e7038ed4e"
                      }
                    ],
                    "vpc_endpoint_id": "vpce-05ce801b0e362c5b7",
                    "vpc_id": "vpc-06385b09e0fb8e67f"
                  }
                ]
              }
            ],
            "enhanced_vpc_routing": false,
            "id": "enterprise-analytics-workgroup",
            "max_capacity": 0,
            "namespace_name": "enterprise-analytics-namespace",
            "port": 5439,
            "price_performance_target": [
              {
                "enabled": false,
                "level": 0
              }
            ],
            "publicly_accessible": true,
            "security_group_ids": [
              "sg-0120ffc9a805dc09f"
            ],
            "subnet_ids": [
              "subnet-029231dfa2f950f24",
              "subnet-05a26b69e7038ed4e",
              "subnet-06a8993d1b91787c7",
              "subnet-072ae0d114c3078a2",
              "subnet-0af18c8a1f7d59fce",
              "subnet-0efca3d42fa992b22"
            ],
            "tags": {},
            "tags_all": {},
            "timeouts": null,
            "track_name": "current",
            "workgroup_id": "79ba2eb0-8d52-407b-98da-8dac023864ae",
            "workgroup_name": "enterprise-analytics-workgroup"
          },
          "sensitive_attributes": [],
          "identity_schema_version": 0,
          "private": "eyJlMmJmYjczMC1lY2FhLTExZTYtOGY4OC0zNDM2M2JjN2M0YzAiOnsiY3JlYXRlIjoxMjAwMDAwMDAwMDAwLCJkZWxldGUiOjEyMDAwMDAwMDAwMDAsInVwZGF0ZSI6MTIwMDAwMDAwMDAwMH19",
          "dependencies": [
            "aws_iam_role.finance_analyst_role",
            "aws_iam_role.redshift_lakeformation_role",
            "aws_redshiftserverless_namespace.analytics_namespace",
            "data.aws_security_group.default",
            "data.aws_subnets.default",
            "data.aws_vpc.default"
          ]
        }
      ]
    },
    {
      "mode": "managed",
      "type": "aws_s3_bucket",
      "name": "audit_logs",
      "provider": "provider[\"registry.terraform.io/hashicorp/aws\"]",
      "instances": [
        {
          "schema_version": 0,
          "attributes": {
            "acceleration_status": "",
            "acl": null,
            "arn": "arn:aws:s3:::ismael-lakehouse-audit-logs-065320271591",
            "bucket": "ismael-lakehouse-audit-logs-065320271591",
            "bucket_domain_name": "ismael-lakehouse-audit-logs-065320271591.s3.amazonaws.com",
            "bucket_prefix": "",
            "bucket_regional_domain_name": "ismael-lakehouse-audit-logs-065320271591.s3.us-east-1.amazonaws.com",
            "cors_rule": [],
            "force_destroy": true,
            "grant": [
              {
                "id": "2f340bb2ae44657bf8945fb98588d39dcc37d80bb5cde5d6fdb50ea45ebc993d",
                "permissions": [
                  "FULL_CONTROL"
                ],
                "type": "CanonicalUser",
                "uri": ""
              }
            ],
            "hosted_zone_id": "Z3AQBSTGFYJSTF",
            "id": "ismael-lakehouse-audit-logs-065320271591",
            "lifecycle_rule": [],
            "logging": [],
            "object_lock_configuration": [],
            "object_lock_enabled": false,
            "policy": "{\"Statement\":[{\"Action\":\"s3:GetBucketAcl\",\"Effect\":\"Allow\",\"Principal\":{\"Service\":\"cloudtrail.amazonaws.com\"},\"Resource\":\"arn:aws:s3:::ismael-lakehouse-audit-logs-065320271591\",\"Sid\":\"AWSCloudTrailAclCheck\"},{\"Action\":\"s3:PutObject\",\"Condition\":{\"StringEquals\":{\"s3:x-amz-acl\":\"bucket-owner-full-control\"}},\"Effect\":\"Allow\",\"Principal\":{\"Service\":\"cloudtrail.amazonaws.com\"},\"Resource\":\"arn:aws:s3:::ismael-lakehouse-audit-logs-065320271591/AWSLogs/065320271591/*\",\"Sid\":\"AWSCloudTrailWrite\"}],\"Version\":\"2012-10-17\"}",
            "region": "us-east-1",
            "replication_configuration": [],
            "request_payer": "BucketOwner",
            "server_side_encryption_configuration": [
              {
                "rule": [
                  {
                    "apply_server_side_encryption_by_default": [
                      {
                        "kms_master_key_id": "",
                        "sse_algorithm": "AES256"
                      }
                    ],
                    "bucket_key_enabled": false
                  }
                ]
              }
            ],
            "tags": {},
            "tags_all": {},
            "timeouts": null,
            "versioning": [
              {
                "enabled": false,
                "mfa_delete": false
              }
            ],
            "website": [],
            "website_domain": null,
            "website_endpoint": null
          },
          "sensitive_attributes": [],
          "identity_schema_version": 0,
          "private": "eyJlMmJmYjczMC1lY2FhLTExZTYtOGY4OC0zNDM2M2JjN2M0YzAiOnsiY3JlYXRlIjoxMjAwMDAwMDAwMDAwLCJkZWxldGUiOjM2MDAwMDAwMDAwMDAsInJlYWQiOjEyMDAwMDAwMDAwMDAsInVwZGF0ZSI6MTIwMDAwMDAwMDAwMH19",
          "dependencies": [
            "data.aws_caller_identity.current"
          ]
        }
      ]
    },
    {
      "mode": "managed",
      "type": "aws_s3_bucket_acl",
      "name": "audit_acl",
      "provider": "provider[\"registry.terraform.io/hashicorp/aws\"]",
      "instances": [
        {
          "schema_version": 0,
          "attributes": {
            "access_control_policy": [
              {
                "grant": [
                  {
                    "grantee": [
                      {
                        "display_name": "",
                        "email_address": "",
                        "id": "2f340bb2ae44657bf8945fb98588d39dcc37d80bb5cde5d6fdb50ea45ebc993d",
                        "type": "CanonicalUser",
                        "uri": ""
                      }
                    ],
                    "permission": "FULL_CONTROL"
                  }
                ],
                "owner": [
                  {
                    "display_name": "",
                    "id": "2f340bb2ae44657bf8945fb98588d39dcc37d80bb5cde5d6fdb50ea45ebc993d"
                  }
                ]
              }
            ],
            "acl": "private",
            "bucket": "ismael-lakehouse-audit-logs-065320271591",
            "expected_bucket_owner": "",
            "id": "ismael-lakehouse-audit-logs-065320271591,private"
          },
          "sensitive_attributes": [],
          "identity_schema_version": 0,
          "private": "bnVsbA==",
          "dependencies": [
            "aws_s3_bucket.audit_logs",
            "aws_s3_bucket_ownership_controls.audit_ownership",
            "data.aws_caller_identity.current"
          ]
        }
      ]
    },
    {
      "mode": "managed",
      "type": "aws_s3_bucket_ownership_controls",
      "name": "audit_ownership",
      "provider": "provider[\"registry.terraform.io/hashicorp/aws\"]",
      "instances": [
        {
          "schema_version": 0,
          "attributes": {
            "bucket": "ismael-lakehouse-audit-logs-065320271591",
            "id": "ismael-lakehouse-audit-logs-065320271591",
            "rule": [
              {
                "object_ownership": "BucketOwnerPreferred"
              }
            ]
          },
          "sensitive_attributes": [],
          "identity_schema_version": 0,
          "private": "bnVsbA==",
          "dependencies": [
            "aws_s3_bucket.audit_logs",
            "data.aws_caller_identity.current"
          ]
        }
      ]
    },
    {
      "mode": "managed",
      "type": "aws_s3_bucket_policy",
      "name": "audit_policy",
      "provider": "provider[\"registry.terraform.io/hashicorp/aws\"]",
      "instances": [
        {
          "schema_version": 0,
          "attributes": {
            "bucket": "ismael-lakehouse-audit-logs-065320271591",
            "id": "ismael-lakehouse-audit-logs-065320271591",
            "policy": "{\"Statement\":[{\"Action\":\"s3:GetBucketAcl\",\"Effect\":\"Allow\",\"Principal\":{\"Service\":\"cloudtrail.amazonaws.com\"},\"Resource\":\"arn:aws:s3:::ismael-lakehouse-audit-logs-065320271591\",\"Sid\":\"AWSCloudTrailAclCheck\"},{\"Action\":\"s3:PutObject\",\"Condition\":{\"StringEquals\":{\"s3:x-amz-acl\":\"bucket-owner-full-control\"}},\"Effect\":\"Allow\",\"Principal\":{\"Service\":\"cloudtrail.amazonaws.com\"},\"Resource\":\"arn:aws:s3:::ismael-lakehouse-audit-logs-065320271591/AWSLogs/065320271591/*\",\"Sid\":\"AWSCloudTrailWrite\"}],\"Version\":\"2012-10-17\"}"
          },
          "sensitive_attributes": [],
          "identity_schema_version": 0,
          "private": "bnVsbA==",
          "dependencies": [
            "aws_s3_bucket.audit_logs",
            "data.aws_caller_identity.current"
          ]
        }
      ]
    }
  ],
  "check_results": null
}
